
Microsoft Visual Studio Solution File, Format Version 12.00
# Visual Studio Version 17
VisualStudioVersion = 17.6.33815.320
MinimumVisualStudioVersion = 10.0.40219.1
Project("{FAE04EC0-301F-11D3-BF4B-00C04F79EFBC}") = "BaiTapLonWinform", "BaiTapLonWinform\BaiTapLonWinform.csproj", "{3A119368-DBD2-430C-9AF5-D5C55A7F1802}"
EndProject
Global
	GlobalSection(SolutionConfigurationPlatforms) = preSolution
		Debug|Any CPU = Debug|Any CPU
		Release|Any CPU = Release|Any CPU
	EndGlobalSection
	GlobalSection(ProjectConfigurationPlatforms) = postSolution
		{3A119368-DBD2-430C-9AF5-D5C55A7F1802}.Debug|Any CPU.ActiveCfg = Debug|Any CPU
		{3A119368-DBD2-430C-9AF5-D5C55A7F1802}.Debug|Any CPU.Build.0 = Debug|Any CPU
		{3A119368-DBD2-430C-9AF5-D5C55A7F1802}.Release|Any CPU.ActiveCfg = Release|Any CPU
		{3A119368-DBD2-430C-9AF5-D5C55A7F1802}.Release|Any CPU.Build.0 = Release|Any CPU
	EndGlobalSection
	GlobalSection(SolutionProperties) = preSolution
		HideSolutionNode = FALSE
	EndGlobalSection
	GlobalSection(ExtensibilityGlobals) = postSolution
		SolutionGuid = {D9F7B490-5622-4F02-BE75-90014ACE80D5}
	EndGlobalSection
EndGlobal
